
Microsoft Visual Studio Solution File, Format Version 12.00
# Visual Studio 15
VisualStudioVersion = 15.0.26124.0
MinimumVisualStudioVersion = 15.0.26124.0
Project("{9A19103F-16F7-4668-BE54-9A1E7A4F7556}") = "R5T.T0004.Construction", "R5T.T0004.Construction\R5T.T0004.Construction.csproj", "{F45C53F9-794D-4B74-9467-028ACEC83A4E}"
EndProject
Project("{9A19103F-16F7-4668-BE54-9A1E7A4F7556}") = "R5T.T0004", "R5T.T0004\R5T.T0004.csproj", "{D0A8BE02-9122-4695-8831-EE554809ADDC}"
EndProject
Project("{2150E333-8FDC-42A3-9474-1A3956D46DE8}") = "_Dependencies", "_Dependencies", "{13A63FCA-97C8-400D-A6FE-4FC569B42A53}"
EndProject
Project("{9A19103F-16F7-4668-BE54-9A1E7A4F7556}") = "R5T.T0002", "..\..\R5T.T0002\source\R5T.T0002\R5T.T0002.csproj", "{8512E00D-1EAA-49A4-8378-B86B569D6551}"
EndProject
Project("{9A19103F-16F7-4668-BE54-9A1E7A4F7556}") = "R5T.Ostersund", "..\..\R5T.Ostersund\source\R5T.Ostersund\R5T.Ostersund.csproj", "{90634DD4-2AE7-455C-8B51-8A6E35C90171}"
EndProject
Project("{9A19103F-16F7-4668-BE54-9A1E7A4F7556}") = "R5T.T0003", "..\..\R5T.T0003\source\R5T.T0003\R5T.T0003.csproj", "{7E05DF4B-DA63-41C2-B631-D4957290C3CA}"
EndProject
Project("{9A19103F-16F7-4668-BE54-9A1E7A4F7556}") = "R5T.T0005", "..\..\R5T.T0005\source\R5T.T0005\R5T.T0005.csproj", "{80856F32-7916-4E45-9A01-A2ADC89826AF}"
EndProject
Project("{9A19103F-16F7-4668-BE54-9A1E7A4F7556}") = "R5T.Amphipolis", "..\..\R5T.Amphipolis\source\R5T.Amphipolis\R5T.Amphipolis.csproj", "{D9CA1354-E93B-4846-B0C7-3E94D54B8CEB}"
EndProject
Project("{9A19103F-16F7-4668-BE54-9A1E7A4F7556}") = "R5T.Magyar", "..\..\R5T.Magyar\source\R5T.Magyar\R5T.Magyar.csproj", "{C61B289E-35DB-4C61-83B8-330F51BB44AC}"
EndProject
Project("{9A19103F-16F7-4668-BE54-9A1E7A4F7556}") = "R5T.T0006", "..\..\R5T.T0006\source\R5T.T0006\R5T.T0006.csproj", "{519EFD39-4743-47EF-AF32-F6A1F6A8E168}"
EndProject
Project("{9A19103F-16F7-4668-BE54-9A1E7A4F7556}") = "R5T.Ostersund.Extensions", "..\..\R5T.Ostersund\source\R5T.Ostersund.Extensions\R5T.Ostersund.Extensions.csproj", "{F886F7CD-EB15-4807-858A-F301E9E60334}"
EndProject
Project("{9A19103F-16F7-4668-BE54-9A1E7A4F7556}") = "R5T.Angleterria", "..\..\R5T.Angleterria\source\R5T.Angleterria\R5T.Angleterria.csproj", "{789A7155-73BB-475C-9FD3-AB7C31B57A82}"
EndProject
Global
	GlobalSection(SolutionConfigurationPlatforms) = preSolution
		Debug|Any CPU = Debug|Any CPU
		Debug|x64 = Debug|x64
		Debug|x86 = Debug|x86
		Release|Any CPU = Release|Any CPU
		Release|x64 = Release|x64
		Release|x86 = Release|x86
	EndGlobalSection
	GlobalSection(ProjectConfigurationPlatforms) = postSolution
		{F45C53F9-794D-4B74-9467-028ACEC83A4E}.Debug|Any CPU.ActiveCfg = Debug|Any CPU
		{F45C53F9-794D-4B74-9467-028ACEC83A4E}.Debug|Any CPU.Build.0 = Debug|Any CPU
		{F45C53F9-794D-4B74-9467-028ACEC83A4E}.Debug|x64.ActiveCfg = Debug|Any CPU
		{F45C53F9-794D-4B74-9467-028ACEC83A4E}.Debug|x64.Build.0 = Debug|Any CPU
		{F45C53F9-794D-4B74-9467-028ACEC83A4E}.Debug|x86.ActiveCfg = Debug|Any CPU
		{F45C53F9-794D-4B74-9467-028ACEC83A4E}.Debug|x86.Build.0 = Debug|Any CPU
		{F45C53F9-794D-4B74-9467-028ACEC83A4E}.Release|Any CPU.ActiveCfg = Release|Any CPU
		{F45C53F9-794D-4B74-9467-028ACEC83A4E}.Release|Any CPU.Build.0 = Release|Any CPU
		{F45C53F9-794D-4B74-9467-028ACEC83A4E}.Release|x64.ActiveCfg = Release|Any CPU
		{F45C53F9-794D-4B74-9467-028ACEC83A4E}.Release|x64.Build.0 = Release|Any CPU
		{F45C53F9-794D-4B74-9467-028ACEC83A4E}.Release|x86.ActiveCfg = Release|Any CPU
		{F45C53F9-794D-4B74-9467-028ACEC83A4E}.Release|x86.Build.0 = Release|Any CPU
		{D0A8BE02-9122-4695-8831-EE554809ADDC}.Debug|Any CPU.ActiveCfg = Debug|Any CPU
		{D0A8BE02-9122-4695-8831-EE554809ADDC}.Debug|Any CPU.Build.0 = Debug|Any CPU
		{D0A8BE02-9122-4695-8831-EE554809ADDC}.Debug|x64.ActiveCfg = Debug|Any CPU
		{D0A8BE02-9122-4695-8831-EE554809ADDC}.Debug|x64.Build.0 = Debug|Any CPU
		{D0A8BE02-9122-4695-8831-EE554809ADDC}.Debug|x86.ActiveCfg = Debug|Any CPU
		{D0A8BE02-9122-4695-8831-EE554809ADDC}.Debug|x86.Build.0 = Debug|Any CPU
		{D0A8BE02-9122-4695-8831-EE554809ADDC}.Release|Any CPU.ActiveCfg = Release|Any CPU
		{D0A8BE02-9122-4695-8831-EE554809ADDC}.Release|Any CPU.Build.0 = Release|Any CPU
		{D0A8BE02-9122-4695-8831-EE554809ADDC}.Release|x64.ActiveCfg = Release|Any CPU
		{D0A8BE02-9122-4695-8831-EE554809ADDC}.Release|x64.Build.0 = Release|Any CPU
		{D0A8BE02-9122-4695-8831-EE554809ADDC}.Release|x86.ActiveCfg = Release|Any CPU
		{D0A8BE02-9122-4695-8831-EE554809ADDC}.Release|x86.Build.0 = Release|Any CPU
		{8512E00D-1EAA-49A4-8378-B86B569D6551}.Debug|Any CPU.ActiveCfg = Debug|Any CPU
		{8512E00D-1EAA-49A4-8378-B86B569D6551}.Debug|Any CPU.Build.0 = Debug|Any CPU
		{8512E00D-1EAA-49A4-8378-B86B569D6551}.Debug|x64.ActiveCfg = Debug|Any CPU
		{8512E00D-1EAA-49A4-8378-B86B569D6551}.Debug|x64.Build.0 = Debug|Any CPU
		{8512E00D-1EAA-49A4-8378-B86B569D6551}.Debug|x86.ActiveCfg = Debug|Any CPU
		{8512E00D-1EAA-49A4-8378-B86B569D6551}.Debug|x86.Build.0 = Debug|Any CPU
		{8512E00D-1EAA-49A4-8378-B86B569D6551}.Release|Any CPU.ActiveCfg = Release|Any CPU
		{8512E00D-1EAA-49A4-8378-B86B569D6551}.Release|Any CPU.Build.0 = Release|Any CPU
		{8512E00D-1EAA-49A4-8378-B86B569D6551}.Release|x64.ActiveCfg = Release|Any CPU
		{8512E00D-1EAA-49A4-8378-B86B569D6551}.Release|x64.Build.0 = Release|Any CPU
		{8512E00D-1EAA-49A4-8378-B86B569D6551}.Release|x86.ActiveCfg = Release|Any CPU
		{8512E00D-1EAA-49A4-8378-B86B569D6551}.Release|x86.Build.0 = Release|Any CPU
		{90634DD4-2AE7-455C-8B51-8A6E35C90171}.Debug|Any CPU.ActiveCfg = Debug|Any CPU
		{90634DD4-2AE7-455C-8B51-8A6E35C90171}.Debug|Any CPU.Build.0 = Debug|Any CPU
		{90634DD4-2AE7-455C-8B51-8A6E35C90171}.Debug|x64.ActiveCfg = Debug|Any CPU
		{90634DD4-2AE7-455C-8B51-8A6E35C90171}.Debug|x64.Build.0 = Debug|Any CPU
		{90634DD4-2AE7-455C-8B51-8A6E35C90171}.Debug|x86.ActiveCfg = Debug|Any CPU
		{90634DD4-2AE7-455C-8B51-8A6E35C90171}.Debug|x86.Build.0 = Debug|Any CPU
		{90634DD4-2AE7-455C-8B51-8A6E35C90171}.Release|Any CPU.ActiveCfg = Release|Any CPU
		{90634DD4-2AE7-455C-8B51-8A6E35C90171}.Release|Any CPU.Build.0 = Release|Any CPU
		{90634DD4-2AE7-455C-8B51-8A6E35C90171}.Release|x64.ActiveCfg = Release|Any CPU
		{90634DD4-2AE7-455C-8B51-8A6E35C90171}.Release|x64.Build.0 = Release|Any CPU
		{90634DD4-2AE7-455C-8B51-8A6E35C90171}.Release|x86.ActiveCfg = Release|Any CPU
		{90634DD4-2AE7-455C-8B51-8A6E35C90171}.Release|x86.Build.0 = Release|Any CPU
		{7E05DF4B-DA63-41C2-B631-D4957290C3CA}.Debug|Any CPU.ActiveCfg = Debug|Any CPU
		{7E05DF4B-DA63-41C2-B631-D4957290C3CA}.Debug|Any CPU.Build.0 = Debug|Any CPU
		{7E05DF4B-DA63-41C2-B631-D4957290C3CA}.Debug|x64.ActiveCfg = Debug|Any CPU
		{7E05DF4B-DA63-41C2-B631-D4957290C3CA}.Debug|x64.Build.0 = Debug|Any CPU
		{7E05DF4B-DA63-41C2-B631-D4957290C3CA}.Debug|x86.ActiveCfg = Debug|Any CPU
		{7E05DF4B-DA63-41C2-B631-D4957290C3CA}.Debug|x86.Build.0 = Debug|Any CPU
		{7E05DF4B-DA63-41C2-B631-D4957290C3CA}.Release|Any CPU.ActiveCfg = Release|Any CPU
		{7E05DF4B-DA63-41C2-B631-D4957290C3CA}.Release|Any CPU.Build.0 = Release|Any CPU
		{7E05DF4B-DA63-41C2-B631-D4957290C3CA}.Release|x64.ActiveCfg = Release|Any CPU
		{7E05DF4B-DA63-41C2-B631-D4957290C3CA}.Release|x64.Build.0 = Release|Any CPU
		{7E05DF4B-DA63-41C2-B631-D4957290C3CA}.Release|x86.ActiveCfg = Release|Any CPU
		{7E05DF4B-DA63-41C2-B631-D4957290C3CA}.Release|x86.Build.0 = Release|Any CPU
		{80856F32-7916-4E45-9A01-A2ADC89826AF}.Debug|Any CPU.ActiveCfg = Debug|Any CPU
		{80856F32-7916-4E45-9A01-A2ADC89826AF}.Debug|Any CPU.Build.0 = Debug|Any CPU
		{80856F32-7916-4E45-9A01-A2ADC89826AF}.Debug|x64.ActiveCfg = Debug|Any CPU
		{80856F32-7916-4E45-9A01-A2ADC89826AF}.Debug|x64.Build.0 = Debug|Any CPU
		{80856F32-7916-4E45-9A01-A2ADC89826AF}.Debug|x86.ActiveCfg = Debug|Any CPU
		{80856F32-7916-4E45-9A01-A2ADC89826AF}.Debug|x86.Build.0 = Debug|Any CPU
		{80856F32-7916-4E45-9A01-A2ADC89826AF}.Release|Any CPU.ActiveCfg = Release|Any CPU
		{80856F32-7916-4E45-9A01-A2ADC89826AF}.Release|Any CPU.Build.0 = Release|Any CPU
		{80856F32-7916-4E45-9A01-A2ADC89826AF}.Release|x64.ActiveCfg = Release|Any CPU
		{80856F32-7916-4E45-9A01-A2ADC89826AF}.Release|x64.Build.0 = Release|Any CPU
		{80856F32-7916-4E45-9A01-A2ADC89826AF}.Release|x86.ActiveCfg = Release|Any CPU
		{80856F32-7916-4E45-9A01-A2ADC89826AF}.Release|x86.Build.0 = Release|Any CPU
		{D9CA1354-E93B-4846-B0C7-3E94D54B8CEB}.Debug|Any CPU.ActiveCfg = Debug|Any CPU
		{D9CA1354-E93B-4846-B0C7-3E94D54B8CEB}.Debug|Any CPU.Build.0 = Debug|Any CPU
		{D9CA1354-E93B-4846-B0C7-3E94D54B8CEB}.Debug|x64.ActiveCfg = Debug|Any CPU
		{D9CA1354-E93B-4846-B0C7-3E94D54B8CEB}.Debug|x64.Build.0 = Debug|Any CPU
		{D9CA1354-E93B-4846-B0C7-3E94D54B8CEB}.Debug|x86.ActiveCfg = Debug|Any CPU
		{D9CA1354-E93B-4846-B0C7-3E94D54B8CEB}.Debug|x86.Build.0 = Debug|Any CPU
		{D9CA1354-E93B-4846-B0C7-3E94D54B8CEB}.Release|Any CPU.ActiveCfg = Release|Any CPU
		{D9CA1354-E93B-4846-B0C7-3E94D54B8CEB}.Release|Any CPU.Build.0 = Release|Any CPU
		{D9CA1354-E93B-4846-B0C7-3E94D54B8CEB}.Release|x64.ActiveCfg = Release|Any CPU
		{D9CA1354-E93B-4846-B0C7-3E94D54B8CEB}.Release|x64.Build.0 = Release|Any CPU
		{D9CA1354-E93B-4846-B0C7-3E94D54B8CEB}.Release|x86.ActiveCfg = Release|Any CPU
		{D9CA1354-E93B-4846-B0C7-3E94D54B8CEB}.Release|x86.Build.0 = Release|Any CPU
		{C61B289E-35DB-4C61-83B8-330F51BB44AC}.Debug|Any CPU.ActiveCfg = Debug|Any CPU
		{C61B289E-35DB-4C61-83B8-330F51BB44AC}.Debug|Any CPU.Build.0 = Debug|Any CPU
		{C61B289E-35DB-4C61-83B8-330F51BB44AC}.Debug|x64.ActiveCfg = Debug|Any CPU
		{C61B289E-35DB-4C61-83B8-330F51BB44AC}.Debug|x64.Build.0 = Debug|Any CPU
		{C61B289E-35DB-4C61-83B8-330F51BB44AC}.Debug|x86.ActiveCfg = Debug|Any CPU
		{C61B289E-35DB-4C61-83B8-330F51BB44AC}.Debug|x86.Build.0 = Debug|Any CPU
		{C61B289E-35DB-4C61-83B8-330F51BB44AC}.Release|Any CPU.ActiveCfg = Release|Any CPU
		{C61B289E-35DB-4C61-83B8-330F51BB44AC}.Release|Any CPU.Build.0 = Release|Any CPU
		{C61B289E-35DB-4C61-83B8-330F51BB44AC}.Release|x64.ActiveCfg = Release|Any CPU
		{C61B289E-35DB-4C61-83B8-330F51BB44AC}.Release|x64.Build.0 = Release|Any CPU
		{C61B289E-35DB-4C61-83B8-330F51BB44AC}.Release|x86.ActiveCfg = Release|Any CPU
		{C61B289E-35DB-4C61-83B8-330F51BB44AC}.Release|x86.Build.0 = Release|Any CPU
		{519EFD39-4743-47EF-AF32-F6A1F6A8E168}.Debug|Any CPU.ActiveCfg = Debug|Any CPU
		{519EFD39-4743-47EF-AF32-F6A1F6A8E168}.Debug|Any CPU.Build.0 = Debug|Any CPU
		{519EFD39-4743-47EF-AF32-F6A1F6A8E168}.Debug|x64.ActiveCfg = Debug|Any CPU
		{519EFD39-4743-47EF-AF32-F6A1F6A8E168}.Debug|x64.Build.0 = Debug|Any CPU
		{519EFD39-4743-47EF-AF32-F6A1F6A8E168}.Debug|x86.ActiveCfg = Debug|Any CPU
		{519EFD39-4743-47EF-AF32-F6A1F6A8E168}.Debug|x86.Build.0 = Debug|Any CPU
		{519EFD39-4743-47EF-AF32-F6A1F6A8E168}.Release|Any CPU.ActiveCfg = Release|Any CPU
		{519EFD39-4743-47EF-AF32-F6A1F6A8E168}.Release|Any CPU.Build.0 = Release|Any CPU
		{519EFD39-4743-47EF-AF32-F6A1F6A8E168}.Release|x64.ActiveCfg = Release|Any CPU
		{519EFD39-4743-47EF-AF32-F6A1F6A8E168}.Release|x64.Build.0 = Release|Any CPU
		{519EFD39-4743-47EF-AF32-F6A1F6A8E168}.Release|x86.ActiveCfg = Release|Any CPU
		{519EFD39-4743-47EF-AF32-F6A1F6A8E168}.Release|x86.Build.0 = Release|Any CPU
		{F886F7CD-EB15-4807-858A-F301E9E60334}.Debug|Any CPU.ActiveCfg = Debug|Any CPU
		{F886F7CD-EB15-4807-858A-F301E9E60334}.Debug|Any CPU.Build.0 = Debug|Any CPU
		{F886F7CD-EB15-4807-858A-F301E9E60334}.Debug|x64.ActiveCfg = Debug|Any CPU
		{F886F7CD-EB15-4807-858A-F301E9E60334}.Debug|x64.Build.0 = Debug|Any CPU
		{F886F7CD-EB15-4807-858A-F301E9E60334}.Debug|x86.ActiveCfg = Debug|Any CPU
		{F886F7CD-EB15-4807-858A-F301E9E60334}.Debug|x86.Build.0 = Debug|Any CPU
		{F886F7CD-EB15-4807-858A-F301E9E60334}.Release|Any CPU.ActiveCfg = Release|Any CPU
		{F886F7CD-EB15-4807-858A-F301E9E60334}.Release|Any CPU.Build.0 = Release|Any CPU
		{F886F7CD-EB15-4807-858A-F301E9E60334}.Release|x64.ActiveCfg = Release|Any CPU
		{F886F7CD-EB15-4807-858A-F301E9E60334}.Release|x64.Build.0 = Release|Any CPU
		{F886F7CD-EB15-4807-858A-F301E9E60334}.Release|x86.ActiveCfg = Release|Any CPU
		{F886F7CD-EB15-4807-858A-F301E9E60334}.Release|x86.Build.0 = Release|Any CPU
		{789A7155-73BB-475C-9FD3-AB7C31B57A82}.Debug|Any CPU.ActiveCfg = Debug|Any CPU
		{789A7155-73BB-475C-9FD3-AB7C31B57A82}.Debug|Any CPU.Build.0 = Debug|Any CPU
		{789A7155-73BB-475C-9FD3-AB7C31B57A82}.Debug|x64.ActiveCfg = Debug|Any CPU
		{789A7155-73BB-475C-9FD3-AB7C31B57A82}.Debug|x64.Build.0 = Debug|Any CPU
		{789A7155-73BB-475C-9FD3-AB7C31B57A82}.Debug|x86.ActiveCfg = Debug|Any CPU
		{789A7155-73BB-475C-9FD3-AB7C31B57A82}.Debug|x86.Build.0 = Debug|Any CPU
		{789A7155-73BB-475C-9FD3-AB7C31B57A82}.Release|Any CPU.ActiveCfg = Release|Any CPU
		{789A7155-73BB-475C-9FD3-AB7C31B57A82}.Release|Any CPU.Build.0 = Release|Any CPU
		{789A7155-73BB-475C-9FD3-AB7C31B57A82}.Release|x64.ActiveCfg = Release|Any CPU
		{789A7155-73BB-475C-9FD3-AB7C31B57A82}.Release|x64.Build.0 = Release|Any CPU
		{789A7155-73BB-475C-9FD3-AB7C31B57A82}.Release|x86.ActiveCfg = Release|Any CPU
		{789A7155-73BB-475C-9FD3-AB7C31B57A82}.Release|x86.Build.0 = Release|Any CPU
	EndGlobalSection
	GlobalSection(SolutionProperties) = preSolution
		HideSolutionNode = FALSE
	EndGlobalSection
	GlobalSection(NestedProjects) = preSolution
		{8512E00D-1EAA-49A4-8378-B86B569D6551} = {13A63FCA-97C8-400D-A6FE-4FC569B42A53}
		{90634DD4-2AE7-455C-8B51-8A6E35C90171} = {13A63FCA-97C8-400D-A6FE-4FC569B42A53}
		{7E05DF4B-DA63-41C2-B631-D4957290C3CA} = {13A63FCA-97C8-400D-A6FE-4FC569B42A53}
		{80856F32-7916-4E45-9A01-A2ADC89826AF} = {13A63FCA-97C8-400D-A6FE-4FC569B42A53}
		{D9CA1354-E93B-4846-B0C7-3E94D54B8CEB} = {13A63FCA-97C8-400D-A6FE-4FC569B42A53}
		{C61B289E-35DB-4C61-83B8-330F51BB44AC} = {13A63FCA-97C8-400D-A6FE-4FC569B42A53}
		{519EFD39-4743-47EF-AF32-F6A1F6A8E168} = {13A63FCA-97C8-400D-A6FE-4FC569B42A53}
		{F886F7CD-EB15-4807-858A-F301E9E60334} = {13A63FCA-97C8-400D-A6FE-4FC569B42A53}
		{789A7155-73BB-475C-9FD3-AB7C31B57A82} = {13A63FCA-97C8-400D-A6FE-4FC569B42A53}
	EndGlobalSection
	GlobalSection(ExtensibilityGlobals) = postSolution
		SolutionGuid = {4DBFEDAF-E948-4E50-B280-FF5C39A73DBB}
	EndGlobalSection
EndGlobal
